
Microsoft Visual Studio Solution File, Format Version 12.00
# Visual Studio 15
VisualStudioVersion = 15.0.28307.1000
MinimumVisualStudioVersion = 10.0.40219.1
Project("{FAE04EC0-301F-11D3-BF4B-00C04F79EFBC}") = "W10SS_GUI", "W10SS_GUI\W10SS_GUI.csproj", "{0467693C-F948-46DF-90D7-8077F4DE9D6E}"
EndProject
Global
	GlobalSection(SolutionConfigurationPlatforms) = preSolution
		Debug|Any CPU = Debug|Any CPU
		Release|Any CPU = Release|Any CPU
	EndGlobalSection
	GlobalSection(ProjectConfigurationPlatforms) = postSolution
		{0467693C-F948-46DF-90D7-8077F4DE9D6E}.Debug|Any CPU.ActiveCfg = Debug|Any CPU
		{0467693C-F948-46DF-90D7-8077F4DE9D6E}.Debug|Any CPU.Build.0 = Debug|Any CPU
		{0467693C-F948-46DF-90D7-8077F4DE9D6E}.Release|Any CPU.ActiveCfg = Release|Any CPU
		{0467693C-F948-46DF-90D7-8077F4DE9D6E}.Release|Any CPU.Build.0 = Release|Any CPU
	EndGlobalSection
	GlobalSection(SolutionProperties) = preSolution
		HideSolutionNode = FALSE
	EndGlobalSection
	GlobalSection(ExtensibilityGlobals) = postSolution
		SolutionGuid = {C55886F7-897D-45DE-8E47-2B75EBC4D0C7}
	EndGlobalSection
EndGlobal
