
Microsoft Visual Studio Solution File, Format Version 12.00
# Visual Studio 15
VisualStudioVersion = 15.0.28307.1000
MinimumVisualStudioVersion = 10.0.40219.1
Project("{FAE04EC0-301F-11D3-BF4B-00C04F79EFBC}") = "W10SS_GUI", "W10SS_GUI\W10SS_GUI.csproj", "{278999F3-23AA-4699-ABC7-873A2FC6C247}"
EndProject
Global
	GlobalSection(SolutionConfigurationPlatforms) = preSolution
		Debug|Any CPU = Debug|Any CPU
		Release|Any CPU = Release|Any CPU
	EndGlobalSection
	GlobalSection(ProjectConfigurationPlatforms) = postSolution
		{278999F3-23AA-4699-ABC7-873A2FC6C247}.Debug|Any CPU.ActiveCfg = Debug|Any CPU
		{278999F3-23AA-4699-ABC7-873A2FC6C247}.Debug|Any CPU.Build.0 = Debug|Any CPU
		{278999F3-23AA-4699-ABC7-873A2FC6C247}.Release|Any CPU.ActiveCfg = Release|Any CPU
		{278999F3-23AA-4699-ABC7-873A2FC6C247}.Release|Any CPU.Build.0 = Release|Any CPU
	EndGlobalSection
	GlobalSection(SolutionProperties) = preSolution
		HideSolutionNode = FALSE
	EndGlobalSection
	GlobalSection(ExtensibilityGlobals) = postSolution
		SolutionGuid = {98D8E0CD-5C7D-4DED-B930-B1D7E8FCDE84}
	EndGlobalSection
EndGlobal
