
Microsoft Visual Studio Solution File, Format Version 12.00
# Visual Studio 15
VisualStudioVersion = 15.0.28307.757
MinimumVisualStudioVersion = 10.0.40219.1
Project("{FAE04EC0-301F-11D3-BF4B-00C04F79EFBC}") = "Windows-10-Setup-Script", "Windows-10-Setup-Script.csproj", "{D5A79EFF-F519-43EE-9806-A25ED11852C9}"
EndProject
Project("{FAE04EC0-301F-11D3-BF4B-00C04F79EFBC}") = "GUI-1", "..\GUI-1\GUI-1.csproj", "{70233A63-50E9-46A4-9177-D67403D23004}"
EndProject
Project("{FAE04EC0-301F-11D3-BF4B-00C04F79EFBC}") = "GUI-2", "..\GUI-2\GUI-2.csproj", "{B3FAAFC9-B00B-4ED1-96BC-F951C52D100A}"
EndProject
Project("{FAE04EC0-301F-11D3-BF4B-00C04F79EFBC}") = "GUI-3", "..\GUI-3\GUI-3.csproj", "{6314A588-2600-4F41-B667-36717A1847B3}"
EndProject
Project("{FAE04EC0-301F-11D3-BF4B-00C04F79EFBC}") = "GUI-4", "..\GUI-4\GUI-4.csproj", "{CBC5A83A-6512-420F-83A8-FC1D40A17D20}"
EndProject
Project("{FAE04EC0-301F-11D3-BF4B-00C04F79EFBC}") = "GUI-6", "..\GUI-6\GUI-6.csproj", "{49C148DA-6EE8-4FAF-B7EE-A0D747649A25}"
EndProject
Project("{FAE04EC0-301F-11D3-BF4B-00C04F79EFBC}") = "GUI-7", "..\GUI-7\GUI-7.csproj", "{B14102D2-B716-4B49-898D-FBACA3C68810}"
EndProject
Global
	GlobalSection(SolutionConfigurationPlatforms) = preSolution
		Debug|Any CPU = Debug|Any CPU
		Release|Any CPU = Release|Any CPU
	EndGlobalSection
	GlobalSection(ProjectConfigurationPlatforms) = postSolution
		{D5A79EFF-F519-43EE-9806-A25ED11852C9}.Debug|Any CPU.ActiveCfg = Debug|Any CPU
		{D5A79EFF-F519-43EE-9806-A25ED11852C9}.Debug|Any CPU.Build.0 = Debug|Any CPU
		{D5A79EFF-F519-43EE-9806-A25ED11852C9}.Release|Any CPU.ActiveCfg = Release|Any CPU
		{D5A79EFF-F519-43EE-9806-A25ED11852C9}.Release|Any CPU.Build.0 = Release|Any CPU
		{70233A63-50E9-46A4-9177-D67403D23004}.Debug|Any CPU.ActiveCfg = Debug|Any CPU
		{70233A63-50E9-46A4-9177-D67403D23004}.Debug|Any CPU.Build.0 = Debug|Any CPU
		{70233A63-50E9-46A4-9177-D67403D23004}.Release|Any CPU.ActiveCfg = Release|Any CPU
		{70233A63-50E9-46A4-9177-D67403D23004}.Release|Any CPU.Build.0 = Release|Any CPU
		{B3FAAFC9-B00B-4ED1-96BC-F951C52D100A}.Debug|Any CPU.ActiveCfg = Debug|Any CPU
		{B3FAAFC9-B00B-4ED1-96BC-F951C52D100A}.Debug|Any CPU.Build.0 = Debug|Any CPU
		{B3FAAFC9-B00B-4ED1-96BC-F951C52D100A}.Release|Any CPU.ActiveCfg = Release|Any CPU
		{B3FAAFC9-B00B-4ED1-96BC-F951C52D100A}.Release|Any CPU.Build.0 = Release|Any CPU
		{6314A588-2600-4F41-B667-36717A1847B3}.Debug|Any CPU.ActiveCfg = Debug|Any CPU
		{6314A588-2600-4F41-B667-36717A1847B3}.Debug|Any CPU.Build.0 = Debug|Any CPU
		{6314A588-2600-4F41-B667-36717A1847B3}.Release|Any CPU.ActiveCfg = Release|Any CPU
		{6314A588-2600-4F41-B667-36717A1847B3}.Release|Any CPU.Build.0 = Release|Any CPU
		{CBC5A83A-6512-420F-83A8-FC1D40A17D20}.Debug|Any CPU.ActiveCfg = Debug|Any CPU
		{CBC5A83A-6512-420F-83A8-FC1D40A17D20}.Debug|Any CPU.Build.0 = Debug|Any CPU
		{CBC5A83A-6512-420F-83A8-FC1D40A17D20}.Release|Any CPU.ActiveCfg = Release|Any CPU
		{CBC5A83A-6512-420F-83A8-FC1D40A17D20}.Release|Any CPU.Build.0 = Release|Any CPU
		{49C148DA-6EE8-4FAF-B7EE-A0D747649A25}.Debug|Any CPU.ActiveCfg = Debug|Any CPU
		{49C148DA-6EE8-4FAF-B7EE-A0D747649A25}.Debug|Any CPU.Build.0 = Debug|Any CPU
		{49C148DA-6EE8-4FAF-B7EE-A0D747649A25}.Release|Any CPU.ActiveCfg = Release|Any CPU
		{49C148DA-6EE8-4FAF-B7EE-A0D747649A25}.Release|Any CPU.Build.0 = Release|Any CPU
		{B14102D2-B716-4B49-898D-FBACA3C68810}.Debug|Any CPU.ActiveCfg = Debug|Any CPU
		{B14102D2-B716-4B49-898D-FBACA3C68810}.Debug|Any CPU.Build.0 = Debug|Any CPU
		{B14102D2-B716-4B49-898D-FBACA3C68810}.Release|Any CPU.ActiveCfg = Release|Any CPU
		{B14102D2-B716-4B49-898D-FBACA3C68810}.Release|Any CPU.Build.0 = Release|Any CPU
	EndGlobalSection
	GlobalSection(SolutionProperties) = preSolution
		HideSolutionNode = FALSE
	EndGlobalSection
	GlobalSection(ExtensibilityGlobals) = postSolution
		SolutionGuid = {69F0CDEF-F15E-4CCD-B3F8-E0E1AE85BA4E}
	EndGlobalSection
EndGlobal
