
Microsoft Visual Studio Solution File, Format Version 12.00
# Visual Studio 15
VisualStudioVersion = 15.0.28307.757
MinimumVisualStudioVersion = 10.0.40219.1
Project("{FAE04EC0-301F-11D3-BF4B-00C04F79EFBC}") = "Script_Gui", "Script_Gui\Script_Gui.csproj", "{84E3C0BF-8F95-4727-B6B2-9228DF8C1AE0}"
EndProject
Global
	GlobalSection(SolutionConfigurationPlatforms) = preSolution
		Debug|Any CPU = Debug|Any CPU
		Release|Any CPU = Release|Any CPU
	EndGlobalSection
	GlobalSection(ProjectConfigurationPlatforms) = postSolution
		{84E3C0BF-8F95-4727-B6B2-9228DF8C1AE0}.Debug|Any CPU.ActiveCfg = Debug|Any CPU
		{84E3C0BF-8F95-4727-B6B2-9228DF8C1AE0}.Debug|Any CPU.Build.0 = Debug|Any CPU
		{84E3C0BF-8F95-4727-B6B2-9228DF8C1AE0}.Release|Any CPU.ActiveCfg = Release|Any CPU
		{84E3C0BF-8F95-4727-B6B2-9228DF8C1AE0}.Release|Any CPU.Build.0 = Release|Any CPU
	EndGlobalSection
	GlobalSection(SolutionProperties) = preSolution
		HideSolutionNode = FALSE
	EndGlobalSection
	GlobalSection(ExtensibilityGlobals) = postSolution
		SolutionGuid = {CD92B552-CB50-4565-A4AD-7945FCCA11B5}
	EndGlobalSection
EndGlobal
